
Microsoft Visual Studio Solution File, Format Version 12.00
# Visual Studio 14
VisualStudioVersion = 14.0.25420.1
MinimumVisualStudioVersion = 10.0.40219.1
Project("{2150E333-8FDC-42A3-9474-1A3956D46DE8}") = "src", "src", "{0A337652-99B6-430B-B7F4-DB305F4324D5}"
EndProject
Project("{2150E333-8FDC-42A3-9474-1A3956D46DE8}") = "Solution Items", "Solution Items", "{54F42F4E-D678-4B98-8A9B-6AC101023AB4}"
	ProjectSection(SolutionItems) = preProject
		global.json = global.json
	EndProjectSection
EndProject
Project("{8BB2217D-0F2D-49D1-97BC-3654ED321F3B}") = "WebApplication1", "src\WebApplication1\WebApplication1.xproj", "{6BC2B955-440E-40C1-8D6C-299C58B8386E}"
EndProject
Global
	GlobalSection(SolutionConfigurationPlatforms) = preSolution
		Debug|Any CPU = Debug|Any CPU
		Release|Any CPU = Release|Any CPU
	EndGlobalSection
	GlobalSection(ProjectConfigurationPlatforms) = postSolution
		{6BC2B955-440E-40C1-8D6C-299C58B8386E}.Debug|Any CPU.ActiveCfg = Debug|Any CPU
		{6BC2B955-440E-40C1-8D6C-299C58B8386E}.Debug|Any CPU.Build.0 = Debug|Any CPU
		{6BC2B955-440E-40C1-8D6C-299C58B8386E}.Release|Any CPU.ActiveCfg = Release|Any CPU
		{6BC2B955-440E-40C1-8D6C-299C58B8386E}.Release|Any CPU.Build.0 = Release|Any CPU
	EndGlobalSection
	GlobalSection(SolutionProperties) = preSolution
		HideSolutionNode = FALSE
	EndGlobalSection
	GlobalSection(NestedProjects) = preSolution
		{6BC2B955-440E-40C1-8D6C-299C58B8386E} = {0A337652-99B6-430B-B7F4-DB305F4324D5}
	EndGlobalSection
EndGlobal
